
Microsoft Visual Studio Solution File, Format Version 12.00
# Visual Studio 15
VisualStudioVersion = 15.0.27428.2037
MinimumVisualStudioVersion = 10.0.40219.1
Project("{FAE04EC0-301F-11D3-BF4B-00C04F79EFBC}") = "Maui.Barcode.Droid", "Maui.Barcode.Droid\Maui.Barcode.Droid.csproj", "{F5DC210F-379A-44CA-8FEA-0F4586240525}"
EndProject
Project("{2150E333-8FDC-42A3-9474-1A3956D46DE8}") = "Solution Items", "Solution Items", "{D5500AC5-81E1-483D-9094-02D937DA7C04}"
	ProjectSection(SolutionItems) = preProject
		Maui.Barcode.sln = Maui.Barcode.sln
	EndProjectSection
EndProject
Project("{FAE04EC0-301F-11D3-BF4B-00C04F79EFBC}") = "CameraSourceBindings", "CameraSourceBindings\CameraSourceBindings.csproj", "{8B5FB435-D2A0-45B7-BD04-F23D33D8AE10}"
EndProject
Project("{FAE04EC0-301F-11D3-BF4B-00C04F79EFBC}") = "Maui.Barcode.iOS", "Maui.Barcode.iOS\Maui.Barcode.iOS.csproj", "{B9877E36-1064-494B-956C-B66049778CD8}"
EndProject
Project("{FAE04EC0-301F-11D3-BF4B-00C04F79EFBC}") = "Sample.Droid", "Sample\Sample.Droid\Sample.Droid.csproj", "{6975FAE2-CDF6-414E-83F4-427D7737CDB7}"
EndProject
Project("{FAE04EC0-301F-11D3-BF4B-00C04F79EFBC}") = "Maui.Barcode", "Maui.Barcode\Maui.Barcode.csproj", "{AEC9321A-C0FB-402F-A377-27CC8A623691}"
EndProject
Project("{FAE04EC0-301F-11D3-BF4B-00C04F79EFBC}") = "Sample", "Sample\Sample\Sample.csproj", "{E4A8A7B1-429F-4A78-965A-CFDEE5DECA12}"
EndProject
Project("{FAE04EC0-301F-11D3-BF4B-00C04F79EFBC}") = "Sample.iOS", "Sample\Sample.iOS\Sample.iOS.csproj", "{B5AD0A16-CB0B-4ACF-806E-B49DB975046D}"
EndProject
Global
	GlobalSection(SolutionConfigurationPlatforms) = preSolution
		Ad-Hoc|Any CPU = Ad-Hoc|Any CPU
		Ad-Hoc|iPhone = Ad-Hoc|iPhone
		Ad-Hoc|iPhoneSimulator = Ad-Hoc|iPhoneSimulator
		AppStore|Any CPU = AppStore|Any CPU
		AppStore|iPhone = AppStore|iPhone
		AppStore|iPhoneSimulator = AppStore|iPhoneSimulator
		Debug|Any CPU = Debug|Any CPU
		Debug|iPhone = Debug|iPhone
		Debug|iPhoneSimulator = Debug|iPhoneSimulator
		Droid|Any CPU = Droid|Any CPU
		Droid|iPhone = Droid|iPhone
		Droid|iPhoneSimulator = Droid|iPhoneSimulator
		Release|Any CPU = Release|Any CPU
		Release|iPhone = Release|iPhone
		Release|iPhoneSimulator = Release|iPhoneSimulator
	EndGlobalSection
	GlobalSection(ProjectConfigurationPlatforms) = postSolution
		{F5DC210F-379A-44CA-8FEA-0F4586240525}.Ad-Hoc|Any CPU.ActiveCfg = Release|Any CPU
		{F5DC210F-379A-44CA-8FEA-0F4586240525}.Ad-Hoc|Any CPU.Build.0 = Release|Any CPU
		{F5DC210F-379A-44CA-8FEA-0F4586240525}.Ad-Hoc|iPhone.ActiveCfg = Debug|Any CPU
		{F5DC210F-379A-44CA-8FEA-0F4586240525}.Ad-Hoc|iPhone.Build.0 = Debug|Any CPU
		{F5DC210F-379A-44CA-8FEA-0F4586240525}.Ad-Hoc|iPhoneSimulator.ActiveCfg = Release|Any CPU
		{F5DC210F-379A-44CA-8FEA-0F4586240525}.Ad-Hoc|iPhoneSimulator.Build.0 = Release|Any CPU
		{F5DC210F-379A-44CA-8FEA-0F4586240525}.AppStore|Any CPU.ActiveCfg = Release|Any CPU
		{F5DC210F-379A-44CA-8FEA-0F4586240525}.AppStore|Any CPU.Build.0 = Release|Any CPU
		{F5DC210F-379A-44CA-8FEA-0F4586240525}.AppStore|iPhone.ActiveCfg = Debug|Any CPU
		{F5DC210F-379A-44CA-8FEA-0F4586240525}.AppStore|iPhone.Build.0 = Debug|Any CPU
		{F5DC210F-379A-44CA-8FEA-0F4586240525}.AppStore|iPhoneSimulator.ActiveCfg = Release|Any CPU
		{F5DC210F-379A-44CA-8FEA-0F4586240525}.AppStore|iPhoneSimulator.Build.0 = Release|Any CPU
		{F5DC210F-379A-44CA-8FEA-0F4586240525}.Debug|Any CPU.ActiveCfg = Debug|Any CPU
		{F5DC210F-379A-44CA-8FEA-0F4586240525}.Debug|Any CPU.Build.0 = Debug|Any CPU
		{F5DC210F-379A-44CA-8FEA-0F4586240525}.Debug|iPhone.ActiveCfg = Debug|Any CPU
		{F5DC210F-379A-44CA-8FEA-0F4586240525}.Debug|iPhone.Build.0 = Debug|Any CPU
		{F5DC210F-379A-44CA-8FEA-0F4586240525}.Debug|iPhoneSimulator.ActiveCfg = Debug|Any CPU
		{F5DC210F-379A-44CA-8FEA-0F4586240525}.Debug|iPhoneSimulator.Build.0 = Debug|Any CPU
		{F5DC210F-379A-44CA-8FEA-0F4586240525}.Droid|Any CPU.ActiveCfg = Debug|Any CPU
		{F5DC210F-379A-44CA-8FEA-0F4586240525}.Droid|Any CPU.Build.0 = Debug|Any CPU
		{F5DC210F-379A-44CA-8FEA-0F4586240525}.Droid|iPhone.ActiveCfg = Debug|Any CPU
		{F5DC210F-379A-44CA-8FEA-0F4586240525}.Droid|iPhone.Build.0 = Debug|Any CPU
		{F5DC210F-379A-44CA-8FEA-0F4586240525}.Droid|iPhoneSimulator.ActiveCfg = Debug|Any CPU
		{F5DC210F-379A-44CA-8FEA-0F4586240525}.Droid|iPhoneSimulator.Build.0 = Debug|Any CPU
		{F5DC210F-379A-44CA-8FEA-0F4586240525}.Release|Any CPU.ActiveCfg = Release|Any CPU
		{F5DC210F-379A-44CA-8FEA-0F4586240525}.Release|Any CPU.Build.0 = Release|Any CPU
		{F5DC210F-379A-44CA-8FEA-0F4586240525}.Release|iPhone.ActiveCfg = Release|Any CPU
		{F5DC210F-379A-44CA-8FEA-0F4586240525}.Release|iPhone.Build.0 = Release|Any CPU
		{F5DC210F-379A-44CA-8FEA-0F4586240525}.Release|iPhoneSimulator.ActiveCfg = Release|Any CPU
		{F5DC210F-379A-44CA-8FEA-0F4586240525}.Release|iPhoneSimulator.Build.0 = Release|Any CPU
		{8B5FB435-D2A0-45B7-BD04-F23D33D8AE10}.Ad-Hoc|Any CPU.ActiveCfg = Release|Any CPU
		{8B5FB435-D2A0-45B7-BD04-F23D33D8AE10}.Ad-Hoc|Any CPU.Build.0 = Release|Any CPU
		{8B5FB435-D2A0-45B7-BD04-F23D33D8AE10}.Ad-Hoc|iPhone.ActiveCfg = Debug|Any CPU
		{8B5FB435-D2A0-45B7-BD04-F23D33D8AE10}.Ad-Hoc|iPhone.Build.0 = Debug|Any CPU
		{8B5FB435-D2A0-45B7-BD04-F23D33D8AE10}.Ad-Hoc|iPhoneSimulator.ActiveCfg = Release|Any CPU
		{8B5FB435-D2A0-45B7-BD04-F23D33D8AE10}.Ad-Hoc|iPhoneSimulator.Build.0 = Release|Any CPU
		{8B5FB435-D2A0-45B7-BD04-F23D33D8AE10}.AppStore|Any CPU.ActiveCfg = Release|Any CPU
		{8B5FB435-D2A0-45B7-BD04-F23D33D8AE10}.AppStore|Any CPU.Build.0 = Release|Any CPU
		{8B5FB435-D2A0-45B7-BD04-F23D33D8AE10}.AppStore|iPhone.ActiveCfg = Debug|Any CPU
		{8B5FB435-D2A0-45B7-BD04-F23D33D8AE10}.AppStore|iPhone.Build.0 = Debug|Any CPU
		{8B5FB435-D2A0-45B7-BD04-F23D33D8AE10}.AppStore|iPhoneSimulator.ActiveCfg = Release|Any CPU
		{8B5FB435-D2A0-45B7-BD04-F23D33D8AE10}.AppStore|iPhoneSimulator.Build.0 = Release|Any CPU
		{8B5FB435-D2A0-45B7-BD04-F23D33D8AE10}.Debug|Any CPU.ActiveCfg = Debug|Any CPU
		{8B5FB435-D2A0-45B7-BD04-F23D33D8AE10}.Debug|Any CPU.Build.0 = Debug|Any CPU
		{8B5FB435-D2A0-45B7-BD04-F23D33D8AE10}.Debug|iPhone.ActiveCfg = Debug|Any CPU
		{8B5FB435-D2A0-45B7-BD04-F23D33D8AE10}.Debug|iPhone.Build.0 = Debug|Any CPU
		{8B5FB435-D2A0-45B7-BD04-F23D33D8AE10}.Debug|iPhoneSimulator.ActiveCfg = Debug|Any CPU
		{8B5FB435-D2A0-45B7-BD04-F23D33D8AE10}.Debug|iPhoneSimulator.Build.0 = Debug|Any CPU
		{8B5FB435-D2A0-45B7-BD04-F23D33D8AE10}.Droid|Any CPU.ActiveCfg = Debug|Any CPU
		{8B5FB435-D2A0-45B7-BD04-F23D33D8AE10}.Droid|Any CPU.Build.0 = Debug|Any CPU
		{8B5FB435-D2A0-45B7-BD04-F23D33D8AE10}.Droid|iPhone.ActiveCfg = Debug|Any CPU
		{8B5FB435-D2A0-45B7-BD04-F23D33D8AE10}.Droid|iPhone.Build.0 = Debug|Any CPU
		{8B5FB435-D2A0-45B7-BD04-F23D33D8AE10}.Droid|iPhoneSimulator.ActiveCfg = Debug|Any CPU
		{8B5FB435-D2A0-45B7-BD04-F23D33D8AE10}.Droid|iPhoneSimulator.Build.0 = Debug|Any CPU
		{8B5FB435-D2A0-45B7-BD04-F23D33D8AE10}.Release|Any CPU.ActiveCfg = Release|Any CPU
		{8B5FB435-D2A0-45B7-BD04-F23D33D8AE10}.Release|Any CPU.Build.0 = Release|Any CPU
		{8B5FB435-D2A0-45B7-BD04-F23D33D8AE10}.Release|iPhone.ActiveCfg = Release|Any CPU
		{8B5FB435-D2A0-45B7-BD04-F23D33D8AE10}.Release|iPhone.Build.0 = Release|Any CPU
		{8B5FB435-D2A0-45B7-BD04-F23D33D8AE10}.Release|iPhoneSimulator.ActiveCfg = Release|Any CPU
		{8B5FB435-D2A0-45B7-BD04-F23D33D8AE10}.Release|iPhoneSimulator.Build.0 = Release|Any CPU
		{B9877E36-1064-494B-956C-B66049778CD8}.Ad-Hoc|Any CPU.ActiveCfg = Release|Any CPU
		{B9877E36-1064-494B-956C-B66049778CD8}.Ad-Hoc|Any CPU.Build.0 = Release|Any CPU
		{B9877E36-1064-494B-956C-B66049778CD8}.Ad-Hoc|iPhone.ActiveCfg = Debug|Any CPU
		{B9877E36-1064-494B-956C-B66049778CD8}.Ad-Hoc|iPhone.Build.0 = Debug|Any CPU
		{B9877E36-1064-494B-956C-B66049778CD8}.Ad-Hoc|iPhoneSimulator.ActiveCfg = Release|Any CPU
		{B9877E36-1064-494B-956C-B66049778CD8}.Ad-Hoc|iPhoneSimulator.Build.0 = Release|Any CPU
		{B9877E36-1064-494B-956C-B66049778CD8}.AppStore|Any CPU.ActiveCfg = Release|Any CPU
		{B9877E36-1064-494B-956C-B66049778CD8}.AppStore|Any CPU.Build.0 = Release|Any CPU
		{B9877E36-1064-494B-956C-B66049778CD8}.AppStore|iPhone.ActiveCfg = Debug|Any CPU
		{B9877E36-1064-494B-956C-B66049778CD8}.AppStore|iPhone.Build.0 = Debug|Any CPU
		{B9877E36-1064-494B-956C-B66049778CD8}.AppStore|iPhoneSimulator.ActiveCfg = Release|Any CPU
		{B9877E36-1064-494B-956C-B66049778CD8}.AppStore|iPhoneSimulator.Build.0 = Release|Any CPU
		{B9877E36-1064-494B-956C-B66049778CD8}.Debug|Any CPU.ActiveCfg = Debug|Any CPU
		{B9877E36-1064-494B-956C-B66049778CD8}.Debug|Any CPU.Build.0 = Debug|Any CPU
		{B9877E36-1064-494B-956C-B66049778CD8}.Debug|iPhone.ActiveCfg = Debug|Any CPU
		{B9877E36-1064-494B-956C-B66049778CD8}.Debug|iPhone.Build.0 = Debug|Any CPU
		{B9877E36-1064-494B-956C-B66049778CD8}.Debug|iPhoneSimulator.ActiveCfg = Debug|Any CPU
		{B9877E36-1064-494B-956C-B66049778CD8}.Debug|iPhoneSimulator.Build.0 = Debug|Any CPU
		{B9877E36-1064-494B-956C-B66049778CD8}.Droid|Any CPU.ActiveCfg = Debug|Any CPU
		{B9877E36-1064-494B-956C-B66049778CD8}.Droid|Any CPU.Build.0 = Debug|Any CPU
		{B9877E36-1064-494B-956C-B66049778CD8}.Droid|iPhone.ActiveCfg = Debug|Any CPU
		{B9877E36-1064-494B-956C-B66049778CD8}.Droid|iPhone.Build.0 = Debug|Any CPU
		{B9877E36-1064-494B-956C-B66049778CD8}.Droid|iPhoneSimulator.ActiveCfg = Debug|Any CPU
		{B9877E36-1064-494B-956C-B66049778CD8}.Droid|iPhoneSimulator.Build.0 = Debug|Any CPU
		{B9877E36-1064-494B-956C-B66049778CD8}.Release|Any CPU.ActiveCfg = Release|Any CPU
		{B9877E36-1064-494B-956C-B66049778CD8}.Release|Any CPU.Build.0 = Release|Any CPU
		{B9877E36-1064-494B-956C-B66049778CD8}.Release|iPhone.ActiveCfg = Release|Any CPU
		{B9877E36-1064-494B-956C-B66049778CD8}.Release|iPhone.Build.0 = Release|Any CPU
		{B9877E36-1064-494B-956C-B66049778CD8}.Release|iPhoneSimulator.ActiveCfg = Release|Any CPU
		{B9877E36-1064-494B-956C-B66049778CD8}.Release|iPhoneSimulator.Build.0 = Release|Any CPU
		{6975FAE2-CDF6-414E-83F4-427D7737CDB7}.Ad-Hoc|Any CPU.ActiveCfg = Release|Any CPU
		{6975FAE2-CDF6-414E-83F4-427D7737CDB7}.Ad-Hoc|Any CPU.Build.0 = Release|Any CPU
		{6975FAE2-CDF6-414E-83F4-427D7737CDB7}.Ad-Hoc|Any CPU.Deploy.0 = Release|Any CPU
		{6975FAE2-CDF6-414E-83F4-427D7737CDB7}.Ad-Hoc|iPhone.ActiveCfg = Debug|Any CPU
		{6975FAE2-CDF6-414E-83F4-427D7737CDB7}.Ad-Hoc|iPhone.Build.0 = Debug|Any CPU
		{6975FAE2-CDF6-414E-83F4-427D7737CDB7}.Ad-Hoc|iPhoneSimulator.ActiveCfg = Release|Any CPU
		{6975FAE2-CDF6-414E-83F4-427D7737CDB7}.Ad-Hoc|iPhoneSimulator.Build.0 = Release|Any CPU
		{6975FAE2-CDF6-414E-83F4-427D7737CDB7}.Ad-Hoc|iPhoneSimulator.Deploy.0 = Release|Any CPU
		{6975FAE2-CDF6-414E-83F4-427D7737CDB7}.AppStore|Any CPU.ActiveCfg = Release|Any CPU
		{6975FAE2-CDF6-414E-83F4-427D7737CDB7}.AppStore|Any CPU.Build.0 = Release|Any CPU
		{6975FAE2-CDF6-414E-83F4-427D7737CDB7}.AppStore|Any CPU.Deploy.0 = Release|Any CPU
		{6975FAE2-CDF6-414E-83F4-427D7737CDB7}.AppStore|iPhone.ActiveCfg = Debug|Any CPU
		{6975FAE2-CDF6-414E-83F4-427D7737CDB7}.AppStore|iPhone.Build.0 = Debug|Any CPU
		{6975FAE2-CDF6-414E-83F4-427D7737CDB7}.AppStore|iPhoneSimulator.ActiveCfg = Release|Any CPU
		{6975FAE2-CDF6-414E-83F4-427D7737CDB7}.AppStore|iPhoneSimulator.Build.0 = Release|Any CPU
		{6975FAE2-CDF6-414E-83F4-427D7737CDB7}.AppStore|iPhoneSimulator.Deploy.0 = Release|Any CPU
		{6975FAE2-CDF6-414E-83F4-427D7737CDB7}.Debug|Any CPU.ActiveCfg = Debug|Any CPU
		{6975FAE2-CDF6-414E-83F4-427D7737CDB7}.Debug|Any CPU.Build.0 = Debug|Any CPU
		{6975FAE2-CDF6-414E-83F4-427D7737CDB7}.Debug|Any CPU.Deploy.0 = Debug|Any CPU
		{6975FAE2-CDF6-414E-83F4-427D7737CDB7}.Debug|iPhone.ActiveCfg = Debug|Any CPU
		{6975FAE2-CDF6-414E-83F4-427D7737CDB7}.Debug|iPhone.Build.0 = Debug|Any CPU
		{6975FAE2-CDF6-414E-83F4-427D7737CDB7}.Debug|iPhoneSimulator.ActiveCfg = Debug|Any CPU
		{6975FAE2-CDF6-414E-83F4-427D7737CDB7}.Debug|iPhoneSimulator.Build.0 = Debug|Any CPU
		{6975FAE2-CDF6-414E-83F4-427D7737CDB7}.Droid|Any CPU.ActiveCfg = Debug|Any CPU
		{6975FAE2-CDF6-414E-83F4-427D7737CDB7}.Droid|Any CPU.Build.0 = Debug|Any CPU
		{6975FAE2-CDF6-414E-83F4-427D7737CDB7}.Droid|iPhone.ActiveCfg = Debug|Any CPU
		{6975FAE2-CDF6-414E-83F4-427D7737CDB7}.Droid|iPhone.Build.0 = Debug|Any CPU
		{6975FAE2-CDF6-414E-83F4-427D7737CDB7}.Droid|iPhone.Deploy.0 = Debug|Any CPU
		{6975FAE2-CDF6-414E-83F4-427D7737CDB7}.Droid|iPhoneSimulator.ActiveCfg = Debug|Any CPU
		{6975FAE2-CDF6-414E-83F4-427D7737CDB7}.Droid|iPhoneSimulator.Build.0 = Debug|Any CPU
		{6975FAE2-CDF6-414E-83F4-427D7737CDB7}.Droid|iPhoneSimulator.Deploy.0 = Debug|Any CPU
		{6975FAE2-CDF6-414E-83F4-427D7737CDB7}.Release|Any CPU.ActiveCfg = Release|Any CPU
		{6975FAE2-CDF6-414E-83F4-427D7737CDB7}.Release|Any CPU.Build.0 = Release|Any CPU
		{6975FAE2-CDF6-414E-83F4-427D7737CDB7}.Release|Any CPU.Deploy.0 = Release|Any CPU
		{6975FAE2-CDF6-414E-83F4-427D7737CDB7}.Release|iPhone.ActiveCfg = Release|Any CPU
		{6975FAE2-CDF6-414E-83F4-427D7737CDB7}.Release|iPhone.Build.0 = Release|Any CPU
		{6975FAE2-CDF6-414E-83F4-427D7737CDB7}.Release|iPhoneSimulator.ActiveCfg = Release|Any CPU
		{6975FAE2-CDF6-414E-83F4-427D7737CDB7}.Release|iPhoneSimulator.Build.0 = Release|Any CPU
		{AEC9321A-C0FB-402F-A377-27CC8A623691}.Ad-Hoc|Any CPU.ActiveCfg = Release|Any CPU
		{AEC9321A-C0FB-402F-A377-27CC8A623691}.Ad-Hoc|Any CPU.Build.0 = Release|Any CPU
		{AEC9321A-C0FB-402F-A377-27CC8A623691}.Ad-Hoc|iPhone.ActiveCfg = Debug|Any CPU
		{AEC9321A-C0FB-402F-A377-27CC8A623691}.Ad-Hoc|iPhone.Build.0 = Debug|Any CPU
		{AEC9321A-C0FB-402F-A377-27CC8A623691}.Ad-Hoc|iPhoneSimulator.ActiveCfg = Release|Any CPU
		{AEC9321A-C0FB-402F-A377-27CC8A623691}.Ad-Hoc|iPhoneSimulator.Build.0 = Release|Any CPU
		{AEC9321A-C0FB-402F-A377-27CC8A623691}.AppStore|Any CPU.ActiveCfg = Release|Any CPU
		{AEC9321A-C0FB-402F-A377-27CC8A623691}.AppStore|Any CPU.Build.0 = Release|Any CPU
		{AEC9321A-C0FB-402F-A377-27CC8A623691}.AppStore|iPhone.ActiveCfg = Debug|Any CPU
		{AEC9321A-C0FB-402F-A377-27CC8A623691}.AppStore|iPhone.Build.0 = Debug|Any CPU
		{AEC9321A-C0FB-402F-A377-27CC8A623691}.AppStore|iPhoneSimulator.ActiveCfg = Release|Any CPU
		{AEC9321A-C0FB-402F-A377-27CC8A623691}.AppStore|iPhoneSimulator.Build.0 = Release|Any CPU
		{AEC9321A-C0FB-402F-A377-27CC8A623691}.Debug|Any CPU.ActiveCfg = Debug|Any CPU
		{AEC9321A-C0FB-402F-A377-27CC8A623691}.Debug|Any CPU.Build.0 = Debug|Any CPU
		{AEC9321A-C0FB-402F-A377-27CC8A623691}.Debug|iPhone.ActiveCfg = Debug|Any CPU
		{AEC9321A-C0FB-402F-A377-27CC8A623691}.Debug|iPhone.Build.0 = Debug|Any CPU
		{AEC9321A-C0FB-402F-A377-27CC8A623691}.Debug|iPhoneSimulator.ActiveCfg = Debug|Any CPU
		{AEC9321A-C0FB-402F-A377-27CC8A623691}.Debug|iPhoneSimulator.Build.0 = Debug|Any CPU
		{AEC9321A-C0FB-402F-A377-27CC8A623691}.Droid|Any CPU.ActiveCfg = Debug|Any CPU
		{AEC9321A-C0FB-402F-A377-27CC8A623691}.Droid|Any CPU.Build.0 = Debug|Any CPU
		{AEC9321A-C0FB-402F-A377-27CC8A623691}.Droid|iPhone.ActiveCfg = Debug|Any CPU
		{AEC9321A-C0FB-402F-A377-27CC8A623691}.Droid|iPhone.Build.0 = Debug|Any CPU
		{AEC9321A-C0FB-402F-A377-27CC8A623691}.Droid|iPhoneSimulator.ActiveCfg = Debug|Any CPU
		{AEC9321A-C0FB-402F-A377-27CC8A623691}.Droid|iPhoneSimulator.Build.0 = Debug|Any CPU
		{AEC9321A-C0FB-402F-A377-27CC8A623691}.Release|Any CPU.ActiveCfg = Release|Any CPU
		{AEC9321A-C0FB-402F-A377-27CC8A623691}.Release|Any CPU.Build.0 = Release|Any CPU
		{AEC9321A-C0FB-402F-A377-27CC8A623691}.Release|iPhone.ActiveCfg = Release|Any CPU
		{AEC9321A-C0FB-402F-A377-27CC8A623691}.Release|iPhone.Build.0 = Release|Any CPU
		{AEC9321A-C0FB-402F-A377-27CC8A623691}.Release|iPhoneSimulator.ActiveCfg = Release|Any CPU
		{AEC9321A-C0FB-402F-A377-27CC8A623691}.Release|iPhoneSimulator.Build.0 = Release|Any CPU
		{E4A8A7B1-429F-4A78-965A-CFDEE5DECA12}.Ad-Hoc|Any CPU.ActiveCfg = Release|Any CPU
		{E4A8A7B1-429F-4A78-965A-CFDEE5DECA12}.Ad-Hoc|Any CPU.Build.0 = Release|Any CPU
		{E4A8A7B1-429F-4A78-965A-CFDEE5DECA12}.Ad-Hoc|iPhone.ActiveCfg = Debug|Any CPU
		{E4A8A7B1-429F-4A78-965A-CFDEE5DECA12}.Ad-Hoc|iPhone.Build.0 = Debug|Any CPU
		{E4A8A7B1-429F-4A78-965A-CFDEE5DECA12}.Ad-Hoc|iPhoneSimulator.ActiveCfg = Release|Any CPU
		{E4A8A7B1-429F-4A78-965A-CFDEE5DECA12}.Ad-Hoc|iPhoneSimulator.Build.0 = Release|Any CPU
		{E4A8A7B1-429F-4A78-965A-CFDEE5DECA12}.AppStore|Any CPU.ActiveCfg = Release|Any CPU
		{E4A8A7B1-429F-4A78-965A-CFDEE5DECA12}.AppStore|Any CPU.Build.0 = Release|Any CPU
		{E4A8A7B1-429F-4A78-965A-CFDEE5DECA12}.AppStore|iPhone.ActiveCfg = Debug|Any CPU
		{E4A8A7B1-429F-4A78-965A-CFDEE5DECA12}.AppStore|iPhone.Build.0 = Debug|Any CPU
		{E4A8A7B1-429F-4A78-965A-CFDEE5DECA12}.AppStore|iPhoneSimulator.ActiveCfg = Release|Any CPU
		{E4A8A7B1-429F-4A78-965A-CFDEE5DECA12}.AppStore|iPhoneSimulator.Build.0 = Release|Any CPU
		{E4A8A7B1-429F-4A78-965A-CFDEE5DECA12}.Debug|Any CPU.ActiveCfg = Debug|Any CPU
		{E4A8A7B1-429F-4A78-965A-CFDEE5DECA12}.Debug|Any CPU.Build.0 = Debug|Any CPU
		{E4A8A7B1-429F-4A78-965A-CFDEE5DECA12}.Debug|iPhone.ActiveCfg = Debug|Any CPU
		{E4A8A7B1-429F-4A78-965A-CFDEE5DECA12}.Debug|iPhone.Build.0 = Debug|Any CPU
		{E4A8A7B1-429F-4A78-965A-CFDEE5DECA12}.Debug|iPhoneSimulator.ActiveCfg = Debug|Any CPU
		{E4A8A7B1-429F-4A78-965A-CFDEE5DECA12}.Debug|iPhoneSimulator.Build.0 = Debug|Any CPU
		{E4A8A7B1-429F-4A78-965A-CFDEE5DECA12}.Droid|Any CPU.ActiveCfg = Debug|Any CPU
		{E4A8A7B1-429F-4A78-965A-CFDEE5DECA12}.Droid|Any CPU.Build.0 = Debug|Any CPU
		{E4A8A7B1-429F-4A78-965A-CFDEE5DECA12}.Droid|iPhone.ActiveCfg = Debug|Any CPU
		{E4A8A7B1-429F-4A78-965A-CFDEE5DECA12}.Droid|iPhone.Build.0 = Debug|Any CPU
		{E4A8A7B1-429F-4A78-965A-CFDEE5DECA12}.Droid|iPhoneSimulator.ActiveCfg = Debug|Any CPU
		{E4A8A7B1-429F-4A78-965A-CFDEE5DECA12}.Droid|iPhoneSimulator.Build.0 = Debug|Any CPU
		{E4A8A7B1-429F-4A78-965A-CFDEE5DECA12}.Release|Any CPU.ActiveCfg = Release|Any CPU
		{E4A8A7B1-429F-4A78-965A-CFDEE5DECA12}.Release|Any CPU.Build.0 = Release|Any CPU
		{E4A8A7B1-429F-4A78-965A-CFDEE5DECA12}.Release|iPhone.ActiveCfg = Release|Any CPU
		{E4A8A7B1-429F-4A78-965A-CFDEE5DECA12}.Release|iPhone.Build.0 = Release|Any CPU
		{E4A8A7B1-429F-4A78-965A-CFDEE5DECA12}.Release|iPhoneSimulator.ActiveCfg = Release|Any CPU
		{E4A8A7B1-429F-4A78-965A-CFDEE5DECA12}.Release|iPhoneSimulator.Build.0 = Release|Any CPU
		{B5AD0A16-CB0B-4ACF-806E-B49DB975046D}.Ad-Hoc|Any CPU.ActiveCfg = Release|iPhoneSimulator
		{B5AD0A16-CB0B-4ACF-806E-B49DB975046D}.Ad-Hoc|Any CPU.Build.0 = Release|iPhoneSimulator
		{B5AD0A16-CB0B-4ACF-806E-B49DB975046D}.Ad-Hoc|iPhone.ActiveCfg = Release|iPhone
		{B5AD0A16-CB0B-4ACF-806E-B49DB975046D}.Ad-Hoc|iPhone.Build.0 = Release|iPhone
		{B5AD0A16-CB0B-4ACF-806E-B49DB975046D}.Ad-Hoc|iPhoneSimulator.ActiveCfg = Release|iPhoneSimulator
		{B5AD0A16-CB0B-4ACF-806E-B49DB975046D}.Ad-Hoc|iPhoneSimulator.Build.0 = Release|iPhoneSimulator
		{B5AD0A16-CB0B-4ACF-806E-B49DB975046D}.AppStore|Any CPU.ActiveCfg = Release|iPhoneSimulator
		{B5AD0A16-CB0B-4ACF-806E-B49DB975046D}.AppStore|Any CPU.Build.0 = Release|iPhoneSimulator
		{B5AD0A16-CB0B-4ACF-806E-B49DB975046D}.AppStore|iPhone.ActiveCfg = Release|iPhone
		{B5AD0A16-CB0B-4ACF-806E-B49DB975046D}.AppStore|iPhone.Build.0 = Release|iPhone
		{B5AD0A16-CB0B-4ACF-806E-B49DB975046D}.AppStore|iPhoneSimulator.ActiveCfg = Release|iPhoneSimulator
		{B5AD0A16-CB0B-4ACF-806E-B49DB975046D}.AppStore|iPhoneSimulator.Build.0 = Release|iPhoneSimulator
		{B5AD0A16-CB0B-4ACF-806E-B49DB975046D}.Debug|Any CPU.ActiveCfg = Debug|iPhoneSimulator
		{B5AD0A16-CB0B-4ACF-806E-B49DB975046D}.Debug|Any CPU.Build.0 = Debug|iPhoneSimulator
		{B5AD0A16-CB0B-4ACF-806E-B49DB975046D}.Debug|iPhone.ActiveCfg = Debug|iPhone
		{B5AD0A16-CB0B-4ACF-806E-B49DB975046D}.Debug|iPhone.Build.0 = Debug|iPhone
		{B5AD0A16-CB0B-4ACF-806E-B49DB975046D}.Debug|iPhoneSimulator.ActiveCfg = Debug|iPhoneSimulator
		{B5AD0A16-CB0B-4ACF-806E-B49DB975046D}.Debug|iPhoneSimulator.Build.0 = Debug|iPhoneSimulator
		{B5AD0A16-CB0B-4ACF-806E-B49DB975046D}.Droid|Any CPU.ActiveCfg = Debug|iPhoneSimulator
		{B5AD0A16-CB0B-4ACF-806E-B49DB975046D}.Droid|Any CPU.Build.0 = Debug|iPhoneSimulator
		{B5AD0A16-CB0B-4ACF-806E-B49DB975046D}.Droid|iPhone.ActiveCfg = Debug|iPhone
		{B5AD0A16-CB0B-4ACF-806E-B49DB975046D}.Droid|iPhone.Build.0 = Debug|iPhone
		{B5AD0A16-CB0B-4ACF-806E-B49DB975046D}.Droid|iPhoneSimulator.ActiveCfg = Debug|iPhoneSimulator
		{B5AD0A16-CB0B-4ACF-806E-B49DB975046D}.Droid|iPhoneSimulator.Build.0 = Debug|iPhoneSimulator
		{B5AD0A16-CB0B-4ACF-806E-B49DB975046D}.Release|Any CPU.ActiveCfg = Release|iPhone
		{B5AD0A16-CB0B-4ACF-806E-B49DB975046D}.Release|Any CPU.Build.0 = Release|iPhone
		{B5AD0A16-CB0B-4ACF-806E-B49DB975046D}.Release|iPhone.ActiveCfg = Release|iPhone
		{B5AD0A16-CB0B-4ACF-806E-B49DB975046D}.Release|iPhone.Build.0 = Release|iPhone
		{B5AD0A16-CB0B-4ACF-806E-B49DB975046D}.Release|iPhoneSimulator.ActiveCfg = Release|iPhoneSimulator
		{B5AD0A16-CB0B-4ACF-806E-B49DB975046D}.Release|iPhoneSimulator.Build.0 = Release|iPhoneSimulator
	EndGlobalSection
	GlobalSection(SolutionProperties) = preSolution
		HideSolutionNode = FALSE
	EndGlobalSection
	GlobalSection(ExtensibilityGlobals) = postSolution
		SolutionGuid = {2AA8B45C-7143-41C3-8F83-A0BE68C6EEEA}
	EndGlobalSection
	GlobalSection(MonoDevelopProperties) = preSolution
		Policies = $0
		$0.TextStylePolicy = $1
		$1.scope = text/x-csharp
		$1.FileWidth = 80
		$0.CSharpFormattingPolicy = $2
		$2.IndentSwitchBody = True
		$2.BeforeMethodDeclarationParentheses = False
		$2.BeforeMethodCallParentheses = False
		$2.BeforeConstructorDeclarationParentheses = False
		$2.NewLineBeforeConstructorInitializerColon = NewLine
		$2.NewLineAfterConstructorInitializerColon = SameLine
		$2.BeforeDelegateDeclarationParentheses = False
		$2.NewParentheses = False
		$2.SpacesBeforeBrackets = False
		$2.scope = text/x-csharp
		$0.DotNetNamingPolicy = $3
		$3.DirectoryNamespaceAssociation = PrefixedHierarchical
		version = 0.7.1
	EndGlobalSection
EndGlobal
