
Microsoft Visual Studio Solution File, Format Version 12.00
# Visual Studio 15
VisualStudioVersion = 15.0.27428.2037
MinimumVisualStudioVersion = 10.0.40219.1
Project("{FAE04EC0-301F-11D3-BF4B-00C04F79EFBC}") = "Rb.Forms.Barcode.Pcl", "Rb.Forms.Barcode.Pcl\Rb.Forms.Barcode.Pcl.csproj", "{677C433A-8C1F-466F-91CA-1181FDF29795}"
EndProject
Project("{FAE04EC0-301F-11D3-BF4B-00C04F79EFBC}") = "Rb.Forms.Barcode.Droid", "Rb.Forms.Barcode.Droid\Rb.Forms.Barcode.Droid.csproj", "{F5DC210F-379A-44CA-8FEA-0F4586240525}"
EndProject
Project("{2150E333-8FDC-42A3-9474-1A3956D46DE8}") = "Solution Items", "Solution Items", "{D5500AC5-81E1-483D-9094-02D937DA7C04}"
	ProjectSection(SolutionItems) = preProject
		Rb.Forms.Barcode.sln = Rb.Forms.Barcode.sln
	EndProjectSection
EndProject
Project("{FAE04EC0-301F-11D3-BF4B-00C04F79EFBC}") = "CameraSourceBindings", "CameraSourceBindings\CameraSourceBindings.csproj", "{8B5FB435-D2A0-45B7-BD04-F23D33D8AE10}"
EndProject
Project("{FAE04EC0-301F-11D3-BF4B-00C04F79EFBC}") = "Rb.Forms.Barcode.iOS", "Rb.Forms.Barcode.iOS\Rb.Forms.Barcode.iOS.csproj", "{B9877E36-1064-494B-956C-B66049778CD8}"
EndProject
Project("{9344BDBB-3E7F-41FC-A0DD-8665D75EE146}") = "Sample.Pcl", "Sample\Sample.Pcl\Sample.Pcl.csproj", "{1071D278-7D43-472C-8B91-F924D86B0ACB}"
EndProject
Project("{9344BDBB-3E7F-41FC-A0DD-8665D75EE146}") = "Sample.Droid", "Sample\Sample.Droid\Sample.Droid.csproj", "{F9570DB5-24B4-4065-AD45-82AA450F8F70}"
EndProject
Project("{9344BDBB-3E7F-41FC-A0DD-8665D75EE146}") = "Sample.iOS", "Sample.iOS\Sample.iOS.csproj", "{B1D5E7D3-3F31-4113-B4CA-F6AB9780260E}"
EndProject
Global
	GlobalSection(SolutionConfigurationPlatforms) = preSolution
		Ad-Hoc|Any CPU = Ad-Hoc|Any CPU
		Ad-Hoc|iPhone = Ad-Hoc|iPhone
		Ad-Hoc|iPhoneSimulator = Ad-Hoc|iPhoneSimulator
		AppStore|Any CPU = AppStore|Any CPU
		AppStore|iPhone = AppStore|iPhone
		AppStore|iPhoneSimulator = AppStore|iPhoneSimulator
		Debug|Any CPU = Debug|Any CPU
		Debug|iPhone = Debug|iPhone
		Debug|iPhoneSimulator = Debug|iPhoneSimulator
		Droid|Any CPU = Droid|Any CPU
		Droid|iPhone = Droid|iPhone
		Droid|iPhoneSimulator = Droid|iPhoneSimulator
		Release|Any CPU = Release|Any CPU
		Release|iPhone = Release|iPhone
		Release|iPhoneSimulator = Release|iPhoneSimulator
	EndGlobalSection
	GlobalSection(ProjectConfigurationPlatforms) = postSolution
		{677C433A-8C1F-466F-91CA-1181FDF29795}.Ad-Hoc|Any CPU.ActiveCfg = Release|Any CPU
		{677C433A-8C1F-466F-91CA-1181FDF29795}.Ad-Hoc|Any CPU.Build.0 = Release|Any CPU
		{677C433A-8C1F-466F-91CA-1181FDF29795}.Ad-Hoc|iPhone.ActiveCfg = Debug|Any CPU
		{677C433A-8C1F-466F-91CA-1181FDF29795}.Ad-Hoc|iPhone.Build.0 = Debug|Any CPU
		{677C433A-8C1F-466F-91CA-1181FDF29795}.Ad-Hoc|iPhoneSimulator.ActiveCfg = Release|Any CPU
		{677C433A-8C1F-466F-91CA-1181FDF29795}.Ad-Hoc|iPhoneSimulator.Build.0 = Release|Any CPU
		{677C433A-8C1F-466F-91CA-1181FDF29795}.AppStore|Any CPU.ActiveCfg = Release|Any CPU
		{677C433A-8C1F-466F-91CA-1181FDF29795}.AppStore|Any CPU.Build.0 = Release|Any CPU
		{677C433A-8C1F-466F-91CA-1181FDF29795}.AppStore|iPhone.ActiveCfg = Debug|Any CPU
		{677C433A-8C1F-466F-91CA-1181FDF29795}.AppStore|iPhone.Build.0 = Debug|Any CPU
		{677C433A-8C1F-466F-91CA-1181FDF29795}.AppStore|iPhoneSimulator.ActiveCfg = Release|Any CPU
		{677C433A-8C1F-466F-91CA-1181FDF29795}.AppStore|iPhoneSimulator.Build.0 = Release|Any CPU
		{677C433A-8C1F-466F-91CA-1181FDF29795}.Debug|Any CPU.ActiveCfg = Debug|Any CPU
		{677C433A-8C1F-466F-91CA-1181FDF29795}.Debug|Any CPU.Build.0 = Debug|Any CPU
		{677C433A-8C1F-466F-91CA-1181FDF29795}.Debug|iPhone.ActiveCfg = Debug|Any CPU
		{677C433A-8C1F-466F-91CA-1181FDF29795}.Debug|iPhone.Build.0 = Debug|Any CPU
		{677C433A-8C1F-466F-91CA-1181FDF29795}.Debug|iPhoneSimulator.ActiveCfg = Debug|Any CPU
		{677C433A-8C1F-466F-91CA-1181FDF29795}.Debug|iPhoneSimulator.Build.0 = Debug|Any CPU
		{677C433A-8C1F-466F-91CA-1181FDF29795}.Droid|Any CPU.ActiveCfg = Debug|Any CPU
		{677C433A-8C1F-466F-91CA-1181FDF29795}.Droid|Any CPU.Build.0 = Debug|Any CPU
		{677C433A-8C1F-466F-91CA-1181FDF29795}.Droid|iPhone.ActiveCfg = Debug|Any CPU
		{677C433A-8C1F-466F-91CA-1181FDF29795}.Droid|iPhone.Build.0 = Debug|Any CPU
		{677C433A-8C1F-466F-91CA-1181FDF29795}.Droid|iPhoneSimulator.ActiveCfg = Debug|Any CPU
		{677C433A-8C1F-466F-91CA-1181FDF29795}.Droid|iPhoneSimulator.Build.0 = Debug|Any CPU
		{677C433A-8C1F-466F-91CA-1181FDF29795}.Release|Any CPU.ActiveCfg = Release|Any CPU
		{677C433A-8C1F-466F-91CA-1181FDF29795}.Release|Any CPU.Build.0 = Release|Any CPU
		{677C433A-8C1F-466F-91CA-1181FDF29795}.Release|iPhone.ActiveCfg = Release|Any CPU
		{677C433A-8C1F-466F-91CA-1181FDF29795}.Release|iPhone.Build.0 = Release|Any CPU
		{677C433A-8C1F-466F-91CA-1181FDF29795}.Release|iPhoneSimulator.ActiveCfg = Release|Any CPU
		{677C433A-8C1F-466F-91CA-1181FDF29795}.Release|iPhoneSimulator.Build.0 = Release|Any CPU
		{F5DC210F-379A-44CA-8FEA-0F4586240525}.Ad-Hoc|Any CPU.ActiveCfg = Release|Any CPU
		{F5DC210F-379A-44CA-8FEA-0F4586240525}.Ad-Hoc|Any CPU.Build.0 = Release|Any CPU
		{F5DC210F-379A-44CA-8FEA-0F4586240525}.Ad-Hoc|iPhone.ActiveCfg = Debug|Any CPU
		{F5DC210F-379A-44CA-8FEA-0F4586240525}.Ad-Hoc|iPhone.Build.0 = Debug|Any CPU
		{F5DC210F-379A-44CA-8FEA-0F4586240525}.Ad-Hoc|iPhoneSimulator.ActiveCfg = Release|Any CPU
		{F5DC210F-379A-44CA-8FEA-0F4586240525}.Ad-Hoc|iPhoneSimulator.Build.0 = Release|Any CPU
		{F5DC210F-379A-44CA-8FEA-0F4586240525}.AppStore|Any CPU.ActiveCfg = Release|Any CPU
		{F5DC210F-379A-44CA-8FEA-0F4586240525}.AppStore|Any CPU.Build.0 = Release|Any CPU
		{F5DC210F-379A-44CA-8FEA-0F4586240525}.AppStore|iPhone.ActiveCfg = Debug|Any CPU
		{F5DC210F-379A-44CA-8FEA-0F4586240525}.AppStore|iPhone.Build.0 = Debug|Any CPU
		{F5DC210F-379A-44CA-8FEA-0F4586240525}.AppStore|iPhoneSimulator.ActiveCfg = Release|Any CPU
		{F5DC210F-379A-44CA-8FEA-0F4586240525}.AppStore|iPhoneSimulator.Build.0 = Release|Any CPU
		{F5DC210F-379A-44CA-8FEA-0F4586240525}.Debug|Any CPU.ActiveCfg = Debug|Any CPU
		{F5DC210F-379A-44CA-8FEA-0F4586240525}.Debug|Any CPU.Build.0 = Debug|Any CPU
		{F5DC210F-379A-44CA-8FEA-0F4586240525}.Debug|iPhone.ActiveCfg = Debug|Any CPU
		{F5DC210F-379A-44CA-8FEA-0F4586240525}.Debug|iPhone.Build.0 = Debug|Any CPU
		{F5DC210F-379A-44CA-8FEA-0F4586240525}.Debug|iPhoneSimulator.ActiveCfg = Debug|Any CPU
		{F5DC210F-379A-44CA-8FEA-0F4586240525}.Debug|iPhoneSimulator.Build.0 = Debug|Any CPU
		{F5DC210F-379A-44CA-8FEA-0F4586240525}.Droid|Any CPU.ActiveCfg = Debug|Any CPU
		{F5DC210F-379A-44CA-8FEA-0F4586240525}.Droid|Any CPU.Build.0 = Debug|Any CPU
		{F5DC210F-379A-44CA-8FEA-0F4586240525}.Droid|iPhone.ActiveCfg = Debug|Any CPU
		{F5DC210F-379A-44CA-8FEA-0F4586240525}.Droid|iPhone.Build.0 = Debug|Any CPU
		{F5DC210F-379A-44CA-8FEA-0F4586240525}.Droid|iPhoneSimulator.ActiveCfg = Debug|Any CPU
		{F5DC210F-379A-44CA-8FEA-0F4586240525}.Droid|iPhoneSimulator.Build.0 = Debug|Any CPU
		{F5DC210F-379A-44CA-8FEA-0F4586240525}.Release|Any CPU.ActiveCfg = Release|Any CPU
		{F5DC210F-379A-44CA-8FEA-0F4586240525}.Release|Any CPU.Build.0 = Release|Any CPU
		{F5DC210F-379A-44CA-8FEA-0F4586240525}.Release|iPhone.ActiveCfg = Release|Any CPU
		{F5DC210F-379A-44CA-8FEA-0F4586240525}.Release|iPhone.Build.0 = Release|Any CPU
		{F5DC210F-379A-44CA-8FEA-0F4586240525}.Release|iPhoneSimulator.ActiveCfg = Release|Any CPU
		{F5DC210F-379A-44CA-8FEA-0F4586240525}.Release|iPhoneSimulator.Build.0 = Release|Any CPU
		{8B5FB435-D2A0-45B7-BD04-F23D33D8AE10}.Ad-Hoc|Any CPU.ActiveCfg = Release|Any CPU
		{8B5FB435-D2A0-45B7-BD04-F23D33D8AE10}.Ad-Hoc|Any CPU.Build.0 = Release|Any CPU
		{8B5FB435-D2A0-45B7-BD04-F23D33D8AE10}.Ad-Hoc|iPhone.ActiveCfg = Debug|Any CPU
		{8B5FB435-D2A0-45B7-BD04-F23D33D8AE10}.Ad-Hoc|iPhone.Build.0 = Debug|Any CPU
		{8B5FB435-D2A0-45B7-BD04-F23D33D8AE10}.Ad-Hoc|iPhoneSimulator.ActiveCfg = Release|Any CPU
		{8B5FB435-D2A0-45B7-BD04-F23D33D8AE10}.Ad-Hoc|iPhoneSimulator.Build.0 = Release|Any CPU
		{8B5FB435-D2A0-45B7-BD04-F23D33D8AE10}.AppStore|Any CPU.ActiveCfg = Release|Any CPU
		{8B5FB435-D2A0-45B7-BD04-F23D33D8AE10}.AppStore|Any CPU.Build.0 = Release|Any CPU
		{8B5FB435-D2A0-45B7-BD04-F23D33D8AE10}.AppStore|iPhone.ActiveCfg = Debug|Any CPU
		{8B5FB435-D2A0-45B7-BD04-F23D33D8AE10}.AppStore|iPhone.Build.0 = Debug|Any CPU
		{8B5FB435-D2A0-45B7-BD04-F23D33D8AE10}.AppStore|iPhoneSimulator.ActiveCfg = Release|Any CPU
		{8B5FB435-D2A0-45B7-BD04-F23D33D8AE10}.AppStore|iPhoneSimulator.Build.0 = Release|Any CPU
		{8B5FB435-D2A0-45B7-BD04-F23D33D8AE10}.Debug|Any CPU.ActiveCfg = Debug|Any CPU
		{8B5FB435-D2A0-45B7-BD04-F23D33D8AE10}.Debug|Any CPU.Build.0 = Debug|Any CPU
		{8B5FB435-D2A0-45B7-BD04-F23D33D8AE10}.Debug|iPhone.ActiveCfg = Debug|Any CPU
		{8B5FB435-D2A0-45B7-BD04-F23D33D8AE10}.Debug|iPhone.Build.0 = Debug|Any CPU
		{8B5FB435-D2A0-45B7-BD04-F23D33D8AE10}.Debug|iPhoneSimulator.ActiveCfg = Debug|Any CPU
		{8B5FB435-D2A0-45B7-BD04-F23D33D8AE10}.Debug|iPhoneSimulator.Build.0 = Debug|Any CPU
		{8B5FB435-D2A0-45B7-BD04-F23D33D8AE10}.Droid|Any CPU.ActiveCfg = Debug|Any CPU
		{8B5FB435-D2A0-45B7-BD04-F23D33D8AE10}.Droid|Any CPU.Build.0 = Debug|Any CPU
		{8B5FB435-D2A0-45B7-BD04-F23D33D8AE10}.Droid|iPhone.ActiveCfg = Debug|Any CPU
		{8B5FB435-D2A0-45B7-BD04-F23D33D8AE10}.Droid|iPhone.Build.0 = Debug|Any CPU
		{8B5FB435-D2A0-45B7-BD04-F23D33D8AE10}.Droid|iPhoneSimulator.ActiveCfg = Debug|Any CPU
		{8B5FB435-D2A0-45B7-BD04-F23D33D8AE10}.Droid|iPhoneSimulator.Build.0 = Debug|Any CPU
		{8B5FB435-D2A0-45B7-BD04-F23D33D8AE10}.Release|Any CPU.ActiveCfg = Release|Any CPU
		{8B5FB435-D2A0-45B7-BD04-F23D33D8AE10}.Release|Any CPU.Build.0 = Release|Any CPU
		{8B5FB435-D2A0-45B7-BD04-F23D33D8AE10}.Release|iPhone.ActiveCfg = Release|Any CPU
		{8B5FB435-D2A0-45B7-BD04-F23D33D8AE10}.Release|iPhone.Build.0 = Release|Any CPU
		{8B5FB435-D2A0-45B7-BD04-F23D33D8AE10}.Release|iPhoneSimulator.ActiveCfg = Release|Any CPU
		{8B5FB435-D2A0-45B7-BD04-F23D33D8AE10}.Release|iPhoneSimulator.Build.0 = Release|Any CPU
		{B9877E36-1064-494B-956C-B66049778CD8}.Ad-Hoc|Any CPU.ActiveCfg = Release|Any CPU
		{B9877E36-1064-494B-956C-B66049778CD8}.Ad-Hoc|Any CPU.Build.0 = Release|Any CPU
		{B9877E36-1064-494B-956C-B66049778CD8}.Ad-Hoc|iPhone.ActiveCfg = Debug|Any CPU
		{B9877E36-1064-494B-956C-B66049778CD8}.Ad-Hoc|iPhone.Build.0 = Debug|Any CPU
		{B9877E36-1064-494B-956C-B66049778CD8}.Ad-Hoc|iPhoneSimulator.ActiveCfg = Release|Any CPU
		{B9877E36-1064-494B-956C-B66049778CD8}.Ad-Hoc|iPhoneSimulator.Build.0 = Release|Any CPU
		{B9877E36-1064-494B-956C-B66049778CD8}.AppStore|Any CPU.ActiveCfg = Release|Any CPU
		{B9877E36-1064-494B-956C-B66049778CD8}.AppStore|Any CPU.Build.0 = Release|Any CPU
		{B9877E36-1064-494B-956C-B66049778CD8}.AppStore|iPhone.ActiveCfg = Debug|Any CPU
		{B9877E36-1064-494B-956C-B66049778CD8}.AppStore|iPhone.Build.0 = Debug|Any CPU
		{B9877E36-1064-494B-956C-B66049778CD8}.AppStore|iPhoneSimulator.ActiveCfg = Release|Any CPU
		{B9877E36-1064-494B-956C-B66049778CD8}.AppStore|iPhoneSimulator.Build.0 = Release|Any CPU
		{B9877E36-1064-494B-956C-B66049778CD8}.Debug|Any CPU.ActiveCfg = Debug|Any CPU
		{B9877E36-1064-494B-956C-B66049778CD8}.Debug|Any CPU.Build.0 = Debug|Any CPU
		{B9877E36-1064-494B-956C-B66049778CD8}.Debug|iPhone.ActiveCfg = Debug|Any CPU
		{B9877E36-1064-494B-956C-B66049778CD8}.Debug|iPhone.Build.0 = Debug|Any CPU
		{B9877E36-1064-494B-956C-B66049778CD8}.Debug|iPhoneSimulator.ActiveCfg = Debug|Any CPU
		{B9877E36-1064-494B-956C-B66049778CD8}.Debug|iPhoneSimulator.Build.0 = Debug|Any CPU
		{B9877E36-1064-494B-956C-B66049778CD8}.Droid|Any CPU.ActiveCfg = Debug|Any CPU
		{B9877E36-1064-494B-956C-B66049778CD8}.Droid|Any CPU.Build.0 = Debug|Any CPU
		{B9877E36-1064-494B-956C-B66049778CD8}.Droid|iPhone.ActiveCfg = Debug|Any CPU
		{B9877E36-1064-494B-956C-B66049778CD8}.Droid|iPhone.Build.0 = Debug|Any CPU
		{B9877E36-1064-494B-956C-B66049778CD8}.Droid|iPhoneSimulator.ActiveCfg = Debug|Any CPU
		{B9877E36-1064-494B-956C-B66049778CD8}.Droid|iPhoneSimulator.Build.0 = Debug|Any CPU
		{B9877E36-1064-494B-956C-B66049778CD8}.Release|Any CPU.ActiveCfg = Release|Any CPU
		{B9877E36-1064-494B-956C-B66049778CD8}.Release|Any CPU.Build.0 = Release|Any CPU
		{B9877E36-1064-494B-956C-B66049778CD8}.Release|iPhone.ActiveCfg = Release|Any CPU
		{B9877E36-1064-494B-956C-B66049778CD8}.Release|iPhone.Build.0 = Release|Any CPU
		{B9877E36-1064-494B-956C-B66049778CD8}.Release|iPhoneSimulator.ActiveCfg = Release|Any CPU
		{B9877E36-1064-494B-956C-B66049778CD8}.Release|iPhoneSimulator.Build.0 = Release|Any CPU
		{1071D278-7D43-472C-8B91-F924D86B0ACB}.Ad-Hoc|Any CPU.ActiveCfg = Release|Any CPU
		{1071D278-7D43-472C-8B91-F924D86B0ACB}.Ad-Hoc|Any CPU.Build.0 = Release|Any CPU
		{1071D278-7D43-472C-8B91-F924D86B0ACB}.Ad-Hoc|iPhone.ActiveCfg = Debug|Any CPU
		{1071D278-7D43-472C-8B91-F924D86B0ACB}.Ad-Hoc|iPhone.Build.0 = Debug|Any CPU
		{1071D278-7D43-472C-8B91-F924D86B0ACB}.Ad-Hoc|iPhoneSimulator.ActiveCfg = Release|Any CPU
		{1071D278-7D43-472C-8B91-F924D86B0ACB}.Ad-Hoc|iPhoneSimulator.Build.0 = Release|Any CPU
		{1071D278-7D43-472C-8B91-F924D86B0ACB}.AppStore|Any CPU.ActiveCfg = Release|Any CPU
		{1071D278-7D43-472C-8B91-F924D86B0ACB}.AppStore|Any CPU.Build.0 = Release|Any CPU
		{1071D278-7D43-472C-8B91-F924D86B0ACB}.AppStore|iPhone.ActiveCfg = Debug|Any CPU
		{1071D278-7D43-472C-8B91-F924D86B0ACB}.AppStore|iPhone.Build.0 = Debug|Any CPU
		{1071D278-7D43-472C-8B91-F924D86B0ACB}.AppStore|iPhoneSimulator.ActiveCfg = Release|Any CPU
		{1071D278-7D43-472C-8B91-F924D86B0ACB}.AppStore|iPhoneSimulator.Build.0 = Release|Any CPU
		{1071D278-7D43-472C-8B91-F924D86B0ACB}.Debug|Any CPU.ActiveCfg = Debug|Any CPU
		{1071D278-7D43-472C-8B91-F924D86B0ACB}.Debug|Any CPU.Build.0 = Debug|Any CPU
		{1071D278-7D43-472C-8B91-F924D86B0ACB}.Debug|iPhone.ActiveCfg = Debug|Any CPU
		{1071D278-7D43-472C-8B91-F924D86B0ACB}.Debug|iPhone.Build.0 = Debug|Any CPU
		{1071D278-7D43-472C-8B91-F924D86B0ACB}.Debug|iPhoneSimulator.ActiveCfg = Debug|Any CPU
		{1071D278-7D43-472C-8B91-F924D86B0ACB}.Debug|iPhoneSimulator.Build.0 = Debug|Any CPU
		{1071D278-7D43-472C-8B91-F924D86B0ACB}.Droid|Any CPU.ActiveCfg = Debug|Any CPU
		{1071D278-7D43-472C-8B91-F924D86B0ACB}.Droid|Any CPU.Build.0 = Debug|Any CPU
		{1071D278-7D43-472C-8B91-F924D86B0ACB}.Droid|iPhone.ActiveCfg = Debug|Any CPU
		{1071D278-7D43-472C-8B91-F924D86B0ACB}.Droid|iPhone.Build.0 = Debug|Any CPU
		{1071D278-7D43-472C-8B91-F924D86B0ACB}.Droid|iPhoneSimulator.ActiveCfg = Debug|Any CPU
		{1071D278-7D43-472C-8B91-F924D86B0ACB}.Droid|iPhoneSimulator.Build.0 = Debug|Any CPU
		{1071D278-7D43-472C-8B91-F924D86B0ACB}.Release|Any CPU.ActiveCfg = Release|Any CPU
		{1071D278-7D43-472C-8B91-F924D86B0ACB}.Release|Any CPU.Build.0 = Release|Any CPU
		{1071D278-7D43-472C-8B91-F924D86B0ACB}.Release|iPhone.ActiveCfg = Release|Any CPU
		{1071D278-7D43-472C-8B91-F924D86B0ACB}.Release|iPhone.Build.0 = Release|Any CPU
		{1071D278-7D43-472C-8B91-F924D86B0ACB}.Release|iPhoneSimulator.ActiveCfg = Release|Any CPU
		{1071D278-7D43-472C-8B91-F924D86B0ACB}.Release|iPhoneSimulator.Build.0 = Release|Any CPU
		{F9570DB5-24B4-4065-AD45-82AA450F8F70}.Ad-Hoc|Any CPU.ActiveCfg = Release|Any CPU
		{F9570DB5-24B4-4065-AD45-82AA450F8F70}.Ad-Hoc|Any CPU.Build.0 = Release|Any CPU
		{F9570DB5-24B4-4065-AD45-82AA450F8F70}.Ad-Hoc|Any CPU.Deploy.0 = Release|Any CPU
		{F9570DB5-24B4-4065-AD45-82AA450F8F70}.Ad-Hoc|iPhone.ActiveCfg = Debug|Any CPU
		{F9570DB5-24B4-4065-AD45-82AA450F8F70}.Ad-Hoc|iPhone.Build.0 = Debug|Any CPU
		{F9570DB5-24B4-4065-AD45-82AA450F8F70}.Ad-Hoc|iPhoneSimulator.ActiveCfg = Release|Any CPU
		{F9570DB5-24B4-4065-AD45-82AA450F8F70}.Ad-Hoc|iPhoneSimulator.Build.0 = Release|Any CPU
		{F9570DB5-24B4-4065-AD45-82AA450F8F70}.Ad-Hoc|iPhoneSimulator.Deploy.0 = Release|Any CPU
		{F9570DB5-24B4-4065-AD45-82AA450F8F70}.AppStore|Any CPU.ActiveCfg = Release|Any CPU
		{F9570DB5-24B4-4065-AD45-82AA450F8F70}.AppStore|Any CPU.Build.0 = Release|Any CPU
		{F9570DB5-24B4-4065-AD45-82AA450F8F70}.AppStore|Any CPU.Deploy.0 = Release|Any CPU
		{F9570DB5-24B4-4065-AD45-82AA450F8F70}.AppStore|iPhone.ActiveCfg = Debug|Any CPU
		{F9570DB5-24B4-4065-AD45-82AA450F8F70}.AppStore|iPhone.Build.0 = Debug|Any CPU
		{F9570DB5-24B4-4065-AD45-82AA450F8F70}.AppStore|iPhoneSimulator.ActiveCfg = Release|Any CPU
		{F9570DB5-24B4-4065-AD45-82AA450F8F70}.AppStore|iPhoneSimulator.Build.0 = Release|Any CPU
		{F9570DB5-24B4-4065-AD45-82AA450F8F70}.AppStore|iPhoneSimulator.Deploy.0 = Release|Any CPU
		{F9570DB5-24B4-4065-AD45-82AA450F8F70}.Debug|Any CPU.ActiveCfg = Debug|Any CPU
		{F9570DB5-24B4-4065-AD45-82AA450F8F70}.Debug|Any CPU.Build.0 = Debug|Any CPU
		{F9570DB5-24B4-4065-AD45-82AA450F8F70}.Debug|Any CPU.Deploy.0 = Debug|Any CPU
		{F9570DB5-24B4-4065-AD45-82AA450F8F70}.Debug|iPhone.ActiveCfg = Debug|Any CPU
		{F9570DB5-24B4-4065-AD45-82AA450F8F70}.Debug|iPhone.Build.0 = Debug|Any CPU
		{F9570DB5-24B4-4065-AD45-82AA450F8F70}.Debug|iPhoneSimulator.ActiveCfg = Debug|Any CPU
		{F9570DB5-24B4-4065-AD45-82AA450F8F70}.Debug|iPhoneSimulator.Build.0 = Debug|Any CPU
		{F9570DB5-24B4-4065-AD45-82AA450F8F70}.Droid|Any CPU.ActiveCfg = Debug|Any CPU
		{F9570DB5-24B4-4065-AD45-82AA450F8F70}.Droid|Any CPU.Build.0 = Debug|Any CPU
		{F9570DB5-24B4-4065-AD45-82AA450F8F70}.Droid|iPhone.ActiveCfg = Debug|Any CPU
		{F9570DB5-24B4-4065-AD45-82AA450F8F70}.Droid|iPhone.Build.0 = Debug|Any CPU
		{F9570DB5-24B4-4065-AD45-82AA450F8F70}.Droid|iPhone.Deploy.0 = Debug|Any CPU
		{F9570DB5-24B4-4065-AD45-82AA450F8F70}.Droid|iPhoneSimulator.ActiveCfg = Debug|Any CPU
		{F9570DB5-24B4-4065-AD45-82AA450F8F70}.Droid|iPhoneSimulator.Build.0 = Debug|Any CPU
		{F9570DB5-24B4-4065-AD45-82AA450F8F70}.Droid|iPhoneSimulator.Deploy.0 = Debug|Any CPU
		{F9570DB5-24B4-4065-AD45-82AA450F8F70}.Release|Any CPU.ActiveCfg = Release|Any CPU
		{F9570DB5-24B4-4065-AD45-82AA450F8F70}.Release|Any CPU.Build.0 = Release|Any CPU
		{F9570DB5-24B4-4065-AD45-82AA450F8F70}.Release|Any CPU.Deploy.0 = Release|Any CPU
		{F9570DB5-24B4-4065-AD45-82AA450F8F70}.Release|iPhone.ActiveCfg = Release|Any CPU
		{F9570DB5-24B4-4065-AD45-82AA450F8F70}.Release|iPhone.Build.0 = Release|Any CPU
		{F9570DB5-24B4-4065-AD45-82AA450F8F70}.Release|iPhoneSimulator.ActiveCfg = Release|Any CPU
		{F9570DB5-24B4-4065-AD45-82AA450F8F70}.Release|iPhoneSimulator.Build.0 = Release|Any CPU
		{B1D5E7D3-3F31-4113-B4CA-F6AB9780260E}.Ad-Hoc|Any CPU.ActiveCfg = Release|iPhoneSimulator
		{B1D5E7D3-3F31-4113-B4CA-F6AB9780260E}.Ad-Hoc|Any CPU.Build.0 = Release|iPhoneSimulator
		{B1D5E7D3-3F31-4113-B4CA-F6AB9780260E}.Ad-Hoc|iPhone.ActiveCfg = Release|iPhone
		{B1D5E7D3-3F31-4113-B4CA-F6AB9780260E}.Ad-Hoc|iPhone.Build.0 = Release|iPhone
		{B1D5E7D3-3F31-4113-B4CA-F6AB9780260E}.Ad-Hoc|iPhoneSimulator.ActiveCfg = Release|iPhoneSimulator
		{B1D5E7D3-3F31-4113-B4CA-F6AB9780260E}.Ad-Hoc|iPhoneSimulator.Build.0 = Release|iPhoneSimulator
		{B1D5E7D3-3F31-4113-B4CA-F6AB9780260E}.AppStore|Any CPU.ActiveCfg = Release|iPhoneSimulator
		{B1D5E7D3-3F31-4113-B4CA-F6AB9780260E}.AppStore|Any CPU.Build.0 = Release|iPhoneSimulator
		{B1D5E7D3-3F31-4113-B4CA-F6AB9780260E}.AppStore|iPhone.ActiveCfg = Release|iPhone
		{B1D5E7D3-3F31-4113-B4CA-F6AB9780260E}.AppStore|iPhone.Build.0 = Release|iPhone
		{B1D5E7D3-3F31-4113-B4CA-F6AB9780260E}.AppStore|iPhoneSimulator.ActiveCfg = Release|iPhoneSimulator
		{B1D5E7D3-3F31-4113-B4CA-F6AB9780260E}.AppStore|iPhoneSimulator.Build.0 = Release|iPhoneSimulator
		{B1D5E7D3-3F31-4113-B4CA-F6AB9780260E}.Debug|Any CPU.ActiveCfg = Debug|iPhoneSimulator
		{B1D5E7D3-3F31-4113-B4CA-F6AB9780260E}.Debug|Any CPU.Build.0 = Debug|iPhoneSimulator
		{B1D5E7D3-3F31-4113-B4CA-F6AB9780260E}.Debug|iPhone.ActiveCfg = Debug|iPhone
		{B1D5E7D3-3F31-4113-B4CA-F6AB9780260E}.Debug|iPhone.Build.0 = Debug|iPhone
		{B1D5E7D3-3F31-4113-B4CA-F6AB9780260E}.Debug|iPhoneSimulator.ActiveCfg = Debug|iPhoneSimulator
		{B1D5E7D3-3F31-4113-B4CA-F6AB9780260E}.Debug|iPhoneSimulator.Build.0 = Debug|iPhoneSimulator
		{B1D5E7D3-3F31-4113-B4CA-F6AB9780260E}.Droid|Any CPU.ActiveCfg = Debug|iPhoneSimulator
		{B1D5E7D3-3F31-4113-B4CA-F6AB9780260E}.Droid|Any CPU.Build.0 = Debug|iPhoneSimulator
		{B1D5E7D3-3F31-4113-B4CA-F6AB9780260E}.Droid|iPhone.ActiveCfg = Debug|iPhone
		{B1D5E7D3-3F31-4113-B4CA-F6AB9780260E}.Droid|iPhone.Build.0 = Debug|iPhone
		{B1D5E7D3-3F31-4113-B4CA-F6AB9780260E}.Droid|iPhoneSimulator.ActiveCfg = Debug|iPhoneSimulator
		{B1D5E7D3-3F31-4113-B4CA-F6AB9780260E}.Droid|iPhoneSimulator.Build.0 = Debug|iPhoneSimulator
		{B1D5E7D3-3F31-4113-B4CA-F6AB9780260E}.Release|Any CPU.ActiveCfg = Release|iPhone
		{B1D5E7D3-3F31-4113-B4CA-F6AB9780260E}.Release|Any CPU.Build.0 = Release|iPhone
		{B1D5E7D3-3F31-4113-B4CA-F6AB9780260E}.Release|iPhone.ActiveCfg = Release|iPhone
		{B1D5E7D3-3F31-4113-B4CA-F6AB9780260E}.Release|iPhone.Build.0 = Release|iPhone
		{B1D5E7D3-3F31-4113-B4CA-F6AB9780260E}.Release|iPhoneSimulator.ActiveCfg = Release|iPhoneSimulator
		{B1D5E7D3-3F31-4113-B4CA-F6AB9780260E}.Release|iPhoneSimulator.Build.0 = Release|iPhoneSimulator
	EndGlobalSection
	GlobalSection(SolutionProperties) = preSolution
		HideSolutionNode = FALSE
	EndGlobalSection
	GlobalSection(ExtensibilityGlobals) = postSolution
		SolutionGuid = {2AA8B45C-7143-41C3-8F83-A0BE68C6EEEA}
	EndGlobalSection
	GlobalSection(MonoDevelopProperties) = preSolution
		Policies = $0
		$0.TextStylePolicy = $1
		$1.scope = text/x-csharp
		$1.TabsToSpaces = True
		$0.CSharpFormattingPolicy = $2
		$2.IndentSwitchBody = True
		$2.BeforeMethodDeclarationParentheses = False
		$2.BeforeMethodCallParentheses = False
		$2.BeforeConstructorDeclarationParentheses = False
		$2.NewLineBeforeConstructorInitializerColon = NewLine
		$2.NewLineAfterConstructorInitializerColon = SameLine
		$2.BeforeDelegateDeclarationParentheses = False
		$2.NewParentheses = False
		$2.SpacesBeforeBrackets = False
		$2.scope = text/x-csharp
		$2.IndentSwitchSection = False
		$2.NewLinesForBracesInProperties = False
		$2.NewLinesForBracesInAccessors = False
		$2.NewLinesForBracesInAnonymousMethods = False
		$2.NewLinesForBracesInControlBlocks = False
		$2.NewLinesForBracesInAnonymousTypes = False
		$2.NewLinesForBracesInObjectCollectionArrayInitializers = False
		$2.NewLinesForBracesInLambdaExpressionBody = False
		$2.NewLineForElse = False
		$2.NewLineForCatch = False
		$2.NewLineForFinally = False
		$2.NewLineForMembersInObjectInit = False
		$2.NewLineForMembersInAnonymousTypes = False
		$2.NewLineForClausesInQuery = False
		$2.SpacingAfterMethodDeclarationName = True
		$2.SpaceAfterMethodCallName = True
		$2.SpaceBeforeOpenSquareBracket = True
		version = 0.7.1
	EndGlobalSection
EndGlobal
